
Microsoft Visual Studio Solution File, Format Version 12.00
Project("{FAE04EC0-301F-11D3-BF4B-00C04F79EFBC}") = "LSystemVisualizer", "LSystemVisualizer\LSystemVisualizer.csproj", "{9E0A9233-39A2-4A5B-9880-229973AA2457}"
EndProject
Project("{FAE04EC0-301F-11D3-BF4B-00C04F79EFBC}") = "TestingGround", "TestingGround\TestingGround.csproj", "{A83FED77-3A50-469E-A58B-70CBDC544C01}"
EndProject
Global
	GlobalSection(SolutionConfigurationPlatforms) = preSolution
		Debug|Any CPU = Debug|Any CPU
		Release|Any CPU = Release|Any CPU
	EndGlobalSection
	GlobalSection(ProjectConfigurationPlatforms) = postSolution
		{9E0A9233-39A2-4A5B-9880-229973AA2457}.Debug|Any CPU.ActiveCfg = Debug|Any CPU
		{9E0A9233-39A2-4A5B-9880-229973AA2457}.Debug|Any CPU.Build.0 = Debug|Any CPU
		{9E0A9233-39A2-4A5B-9880-229973AA2457}.Release|Any CPU.ActiveCfg = Release|Any CPU
		{9E0A9233-39A2-4A5B-9880-229973AA2457}.Release|Any CPU.Build.0 = Release|Any CPU
		{A83FED77-3A50-469E-A58B-70CBDC544C01}.Debug|Any CPU.ActiveCfg = Debug|Any CPU
		{A83FED77-3A50-469E-A58B-70CBDC544C01}.Debug|Any CPU.Build.0 = Debug|Any CPU
		{A83FED77-3A50-469E-A58B-70CBDC544C01}.Release|Any CPU.ActiveCfg = Release|Any CPU
		{A83FED77-3A50-469E-A58B-70CBDC544C01}.Release|Any CPU.Build.0 = Release|Any CPU
	EndGlobalSection
EndGlobal
